
Microsoft Visual Studio Solution File, Format Version 12.00
# Visual Studio Version 17
VisualStudioVersion = 17.8.34408.163
MinimumVisualStudioVersion = 10.0.40219.1
Project("{9A19103F-16F7-4668-BE54-9A1E7A4F7556}") = "Day1", "Day1\Day1.csproj", "{3EC892E4-46B6-4757-AA50-302AD04E0B77}"
EndProject
Project("{9A19103F-16F7-4668-BE54-9A1E7A4F7556}") = "Day2", "Day2\Day2.csproj", "{47DBB45F-AB4F-4E60-A2A3-DD49DD64649C}"
EndProject
Project("{9A19103F-16F7-4668-BE54-9A1E7A4F7556}") = "Day3", "Day3\Day3.csproj", "{E9681F69-0F0B-4A21-A479-7289BA9539DF}"
EndProject
Project("{9A19103F-16F7-4668-BE54-9A1E7A4F7556}") = "Day4", "Day4\Day4.csproj", "{0E6F6DA1-AAB6-427C-A454-1499BC7AB85B}"
EndProject
Project("{9A19103F-16F7-4668-BE54-9A1E7A4F7556}") = "Day5", "Day5\Day5.csproj", "{EEC255E8-C000-434F-B0E3-AEAFBADAA2FC}"
EndProject
Project("{9A19103F-16F7-4668-BE54-9A1E7A4F7556}") = "Day6", "Day6\Day6.csproj", "{8376D9E9-305E-4060-83E4-77C34A60EB2F}"
EndProject
Project("{9A19103F-16F7-4668-BE54-9A1E7A4F7556}") = "Day7", "Day7\Day7.csproj", "{5D8057F7-79AA-4807-BA78-3D94B9C88806}"
EndProject
Project("{9A19103F-16F7-4668-BE54-9A1E7A4F7556}") = "Day8", "Day8\Day8.csproj", "{70655EB7-E709-437C-8DF7-B22405ACC023}"
EndProject
Project("{9A19103F-16F7-4668-BE54-9A1E7A4F7556}") = "Day9", "Day9\Day9.csproj", "{98602721-7982-4875-81C3-1895D53D5FA3}"
EndProject
Project("{9A19103F-16F7-4668-BE54-9A1E7A4F7556}") = "Day10", "Day10\Day10.csproj", "{25A2C2E9-B5C4-486A-B706-4EA3853DCB54}"
EndProject
Project("{9A19103F-16F7-4668-BE54-9A1E7A4F7556}") = "Day11", "Day11\Day11.csproj", "{88A70428-C4AA-4DE6-9EA8-7EC9AAB62026}"
EndProject
Project("{FAE04EC0-301F-11D3-BF4B-00C04F79EFBC}") = "Day12", "Day12\Day12.csproj", "{73210140-D297-4978-8E72-A7F14B2D05C2}"
EndProject
Global
	GlobalSection(SolutionConfigurationPlatforms) = preSolution
		Debug|Any CPU = Debug|Any CPU
		Release|Any CPU = Release|Any CPU
	EndGlobalSection
	GlobalSection(ProjectConfigurationPlatforms) = postSolution
		{3EC892E4-46B6-4757-AA50-302AD04E0B77}.Debug|Any CPU.ActiveCfg = Debug|Any CPU
		{3EC892E4-46B6-4757-AA50-302AD04E0B77}.Debug|Any CPU.Build.0 = Debug|Any CPU
		{3EC892E4-46B6-4757-AA50-302AD04E0B77}.Release|Any CPU.ActiveCfg = Release|Any CPU
		{3EC892E4-46B6-4757-AA50-302AD04E0B77}.Release|Any CPU.Build.0 = Release|Any CPU
		{47DBB45F-AB4F-4E60-A2A3-DD49DD64649C}.Debug|Any CPU.ActiveCfg = Debug|Any CPU
		{47DBB45F-AB4F-4E60-A2A3-DD49DD64649C}.Debug|Any CPU.Build.0 = Debug|Any CPU
		{47DBB45F-AB4F-4E60-A2A3-DD49DD64649C}.Release|Any CPU.ActiveCfg = Release|Any CPU
		{47DBB45F-AB4F-4E60-A2A3-DD49DD64649C}.Release|Any CPU.Build.0 = Release|Any CPU
		{E9681F69-0F0B-4A21-A479-7289BA9539DF}.Debug|Any CPU.ActiveCfg = Debug|Any CPU
		{E9681F69-0F0B-4A21-A479-7289BA9539DF}.Debug|Any CPU.Build.0 = Debug|Any CPU
		{E9681F69-0F0B-4A21-A479-7289BA9539DF}.Release|Any CPU.ActiveCfg = Release|Any CPU
		{E9681F69-0F0B-4A21-A479-7289BA9539DF}.Release|Any CPU.Build.0 = Release|Any CPU
		{0E6F6DA1-AAB6-427C-A454-1499BC7AB85B}.Debug|Any CPU.ActiveCfg = Debug|Any CPU
		{0E6F6DA1-AAB6-427C-A454-1499BC7AB85B}.Debug|Any CPU.Build.0 = Debug|Any CPU
		{0E6F6DA1-AAB6-427C-A454-1499BC7AB85B}.Release|Any CPU.ActiveCfg = Release|Any CPU
		{0E6F6DA1-AAB6-427C-A454-1499BC7AB85B}.Release|Any CPU.Build.0 = Release|Any CPU
		{EEC255E8-C000-434F-B0E3-AEAFBADAA2FC}.Debug|Any CPU.ActiveCfg = Debug|Any CPU
		{EEC255E8-C000-434F-B0E3-AEAFBADAA2FC}.Debug|Any CPU.Build.0 = Debug|Any CPU
		{EEC255E8-C000-434F-B0E3-AEAFBADAA2FC}.Release|Any CPU.ActiveCfg = Release|Any CPU
		{EEC255E8-C000-434F-B0E3-AEAFBADAA2FC}.Release|Any CPU.Build.0 = Release|Any CPU
		{8376D9E9-305E-4060-83E4-77C34A60EB2F}.Debug|Any CPU.ActiveCfg = Debug|Any CPU
		{8376D9E9-305E-4060-83E4-77C34A60EB2F}.Debug|Any CPU.Build.0 = Debug|Any CPU
		{8376D9E9-305E-4060-83E4-77C34A60EB2F}.Release|Any CPU.ActiveCfg = Release|Any CPU
		{8376D9E9-305E-4060-83E4-77C34A60EB2F}.Release|Any CPU.Build.0 = Release|Any CPU
		{5D8057F7-79AA-4807-BA78-3D94B9C88806}.Debug|Any CPU.ActiveCfg = Debug|Any CPU
		{5D8057F7-79AA-4807-BA78-3D94B9C88806}.Debug|Any CPU.Build.0 = Debug|Any CPU
		{5D8057F7-79AA-4807-BA78-3D94B9C88806}.Release|Any CPU.ActiveCfg = Release|Any CPU
		{5D8057F7-79AA-4807-BA78-3D94B9C88806}.Release|Any CPU.Build.0 = Release|Any CPU
		{70655EB7-E709-437C-8DF7-B22405ACC023}.Debug|Any CPU.ActiveCfg = Debug|Any CPU
		{70655EB7-E709-437C-8DF7-B22405ACC023}.Debug|Any CPU.Build.0 = Debug|Any CPU
		{70655EB7-E709-437C-8DF7-B22405ACC023}.Release|Any CPU.ActiveCfg = Release|Any CPU
		{70655EB7-E709-437C-8DF7-B22405ACC023}.Release|Any CPU.Build.0 = Release|Any CPU
		{98602721-7982-4875-81C3-1895D53D5FA3}.Debug|Any CPU.ActiveCfg = Debug|Any CPU
		{98602721-7982-4875-81C3-1895D53D5FA3}.Debug|Any CPU.Build.0 = Debug|Any CPU
		{98602721-7982-4875-81C3-1895D53D5FA3}.Release|Any CPU.ActiveCfg = Release|Any CPU
		{98602721-7982-4875-81C3-1895D53D5FA3}.Release|Any CPU.Build.0 = Release|Any CPU
		{25A2C2E9-B5C4-486A-B706-4EA3853DCB54}.Debug|Any CPU.ActiveCfg = Debug|Any CPU
		{25A2C2E9-B5C4-486A-B706-4EA3853DCB54}.Debug|Any CPU.Build.0 = Debug|Any CPU
		{25A2C2E9-B5C4-486A-B706-4EA3853DCB54}.Release|Any CPU.ActiveCfg = Release|Any CPU
		{25A2C2E9-B5C4-486A-B706-4EA3853DCB54}.Release|Any CPU.Build.0 = Release|Any CPU
		{88A70428-C4AA-4DE6-9EA8-7EC9AAB62026}.Debug|Any CPU.ActiveCfg = Debug|Any CPU
		{88A70428-C4AA-4DE6-9EA8-7EC9AAB62026}.Debug|Any CPU.Build.0 = Debug|Any CPU
		{88A70428-C4AA-4DE6-9EA8-7EC9AAB62026}.Release|Any CPU.ActiveCfg = Release|Any CPU
		{88A70428-C4AA-4DE6-9EA8-7EC9AAB62026}.Release|Any CPU.Build.0 = Release|Any CPU
		{73210140-D297-4978-8E72-A7F14B2D05C2}.Debug|Any CPU.ActiveCfg = Debug|Any CPU
		{73210140-D297-4978-8E72-A7F14B2D05C2}.Debug|Any CPU.Build.0 = Debug|Any CPU
		{73210140-D297-4978-8E72-A7F14B2D05C2}.Release|Any CPU.ActiveCfg = Release|Any CPU
		{73210140-D297-4978-8E72-A7F14B2D05C2}.Release|Any CPU.Build.0 = Release|Any CPU
	EndGlobalSection
	GlobalSection(SolutionProperties) = preSolution
		HideSolutionNode = FALSE
	EndGlobalSection
	GlobalSection(ExtensibilityGlobals) = postSolution
		SolutionGuid = {A4FBA627-9337-46B7-B574-3D1D3C70B838}
	EndGlobalSection
EndGlobal
